// !$*UTF8*$!
{
	archiveVersion = 1;
	classes = {
	};
	objectVersion = 50;
	objects = {

/* Begin PBXBuildFile section */
		195C859178EDA85429817ED6 /* libPods-ProfileService.a in Frameworks */ = {isa = PBXBuildFile; fileRef = E81056C6F93EE7B86E3BD07C /* libPods-ProfileService.a */; };
		438D3BD508973D3CA2357BA0 /* libPods-ProfileService-ProfileServiceUITests.a in Frameworks */ = {isa = PBXBuildFile; fileRef = 19D9F1D848563E886300BFE6 /* libPods-ProfileService-ProfileServiceUITests.a */; };
		6A136AC7DB1067C64B4A8E41 /* libPods-ProfileServiceTests.a in Frameworks */ = {isa = PBXBuildFile; fileRef = 67D30CF6EDDFEC5C823C661D /* libPods-ProfileServiceTests.a */; };
		F70AD02C25B5CE0300F2A62A /* MainViewModel.swift in Sources */ = {isa = PBXBuildFile; fileRef = F70AD02B25B5CE0300F2A62A /* MainViewModel.swift */; };
		F70AD03125B5CE8400F2A62A /* ProfileIdModel.swift in Sources */ = {isa = PBXBuildFile; fileRef = F70AD03025B5CE8400F2A62A /* ProfileIdModel.swift */; };
		F70AD03925B5CF1200F2A62A /* UserModel.swift in Sources */ = {isa = PBXBuildFile; fileRef = F70AD03825B5CF1200F2A62A /* UserModel.swift */; };
		F70AD04C25B5D15500F2A62A /* MainView.swift in Sources */ = {isa = PBXBuildFile; fileRef = F70AD04B25B5D15500F2A62A /* MainView.swift */; };
		F70AD05425B5D1E000F2A62A /* MediaModel.swift in Sources */ = {isa = PBXBuildFile; fileRef = F70AD05325B5D1E000F2A62A /* MediaModel.swift */; };
		F70AD14325B75A5200F2A62A /* Theme.swift in Sources */ = {isa = PBXBuildFile; fileRef = F70AD14225B75A5200F2A62A /* Theme.swift */; };
		F70AD15325B7619300F2A62A /* ColorPaletts.swift in Sources */ = {isa = PBXBuildFile; fileRef = F70AD15225B7619300F2A62A /* ColorPaletts.swift */; };
		F70AD15B25B7624C00F2A62A /* ThemeProvider.swift in Sources */ = {isa = PBXBuildFile; fileRef = F70AD15A25B7624C00F2A62A /* ThemeProvider.swift */; };
		F70AD18A25B7704800F2A62A /* Themeable.swift in Sources */ = {isa = PBXBuildFile; fileRef = F70AD18925B7704800F2A62A /* Themeable.swift */; };
		F70AD1A025B77E3100F2A62A /* DefaultThemeProvider.swift in Sources */ = {isa = PBXBuildFile; fileRef = F70AD19F25B77E3100F2A62A /* DefaultThemeProvider.swift */; };
		F7EB599225B589B900E3F9BA /* AppDelegate.swift in Sources */ = {isa = PBXBuildFile; fileRef = F7EB599125B589B900E3F9BA /* AppDelegate.swift */; };
		F7EB599425B589B900E3F9BA /* SceneDelegate.swift in Sources */ = {isa = PBXBuildFile; fileRef = F7EB599325B589B900E3F9BA /* SceneDelegate.swift */; };
		F7EB599625B589B900E3F9BA /* MainViewController.swift in Sources */ = {isa = PBXBuildFile; fileRef = F7EB599525B589B900E3F9BA /* MainViewController.swift */; };
		F7EB599925B589B900E3F9BA /* Main.storyboard in Resources */ = {isa = PBXBuildFile; fileRef = F7EB599725B589B900E3F9BA /* Main.storyboard */; };
		F7EB599C25B589B900E3F9BA /* ProfileService.xcdatamodeld in Sources */ = {isa = PBXBuildFile; fileRef = F7EB599A25B589B900E3F9BA /* ProfileService.xcdatamodeld */; };
		F7EB599E25B589B900E3F9BA /* Assets.xcassets in Resources */ = {isa = PBXBuildFile; fileRef = F7EB599D25B589B900E3F9BA /* Assets.xcassets */; };
		F7EB59A125B589B900E3F9BA /* LaunchScreen.storyboard in Resources */ = {isa = PBXBuildFile; fileRef = F7EB599F25B589B900E3F9BA /* LaunchScreen.storyboard */; };
		F7EB59AC25B589BA00E3F9BA /* ProfileServiceTests.swift in Sources */ = {isa = PBXBuildFile; fileRef = F7EB59AB25B589BA00E3F9BA /* ProfileServiceTests.swift */; };
		F7EB59B725B589BA00E3F9BA /* ProfileServiceUITests.swift in Sources */ = {isa = PBXBuildFile; fileRef = F7EB59B625B589BA00E3F9BA /* ProfileServiceUITests.swift */; };
/* End PBXBuildFile section */

/* Begin PBXContainerItemProxy section */
		F7EB59A825B589BA00E3F9BA /* PBXContainerItemProxy */ = {
			isa = PBXContainerItemProxy;
			containerPortal = F7EB598625B589B800E3F9BA /* Project object */;
			proxyType = 1;
			remoteGlobalIDString = F7EB598D25B589B800E3F9BA;
			remoteInfo = ProfileService;
		};
		F7EB59B325B589BA00E3F9BA /* PBXContainerItemProxy */ = {
			isa = PBXContainerItemProxy;
			containerPortal = F7EB598625B589B800E3F9BA /* Project object */;
			proxyType = 1;
			remoteGlobalIDString = F7EB598D25B589B800E3F9BA;
			remoteInfo = ProfileService;
		};
/* End PBXContainerItemProxy section */

/* Begin PBXFileReference section */
		0C30653A178B007A9BC50200 /* Pods-ProfileService-ProfileServiceUITests.debug.xcconfig */ = {isa = PBXFileReference; includeInIndex = 1; lastKnownFileType = text.xcconfig; name = "Pods-ProfileService-ProfileServiceUITests.debug.xcconfig"; path = "Target Support Files/Pods-ProfileService-ProfileServiceUITests/Pods-ProfileService-ProfileServiceUITests.debug.xcconfig"; sourceTree = "<group>"; };
		19D9F1D848563E886300BFE6 /* libPods-ProfileService-ProfileServiceUITests.a */ = {isa = PBXFileReference; explicitFileType = archive.ar; includeInIndex = 0; path = "libPods-ProfileService-ProfileServiceUITests.a"; sourceTree = BUILT_PRODUCTS_DIR; };
		6781B7BC993036D512189056 /* Pods-ProfileService-ProfileServiceUITests.release.xcconfig */ = {isa = PBXFileReference; includeInIndex = 1; lastKnownFileType = text.xcconfig; name = "Pods-ProfileService-ProfileServiceUITests.release.xcconfig"; path = "Target Support Files/Pods-ProfileService-ProfileServiceUITests/Pods-ProfileService-ProfileServiceUITests.release.xcconfig"; sourceTree = "<group>"; };
		67D30CF6EDDFEC5C823C661D /* libPods-ProfileServiceTests.a */ = {isa = PBXFileReference; explicitFileType = archive.ar; includeInIndex = 0; path = "libPods-ProfileServiceTests.a"; sourceTree = BUILT_PRODUCTS_DIR; };
		BD067CA45D753BB00CC89526 /* Pods-ProfileServiceTests.release.xcconfig */ = {isa = PBXFileReference; includeInIndex = 1; lastKnownFileType = text.xcconfig; name = "Pods-ProfileServiceTests.release.xcconfig"; path = "Target Support Files/Pods-ProfileServiceTests/Pods-ProfileServiceTests.release.xcconfig"; sourceTree = "<group>"; };
		C745C825B334F2E1C03FF2CD /* Pods-ProfileServiceTests.debug.xcconfig */ = {isa = PBXFileReference; includeInIndex = 1; lastKnownFileType = text.xcconfig; name = "Pods-ProfileServiceTests.debug.xcconfig"; path = "Target Support Files/Pods-ProfileServiceTests/Pods-ProfileServiceTests.debug.xcconfig"; sourceTree = "<group>"; };
		CDE2F555C28D74F194DA1EF5 /* Pods-ProfileService.debug.xcconfig */ = {isa = PBXFileReference; includeInIndex = 1; lastKnownFileType = text.xcconfig; name = "Pods-ProfileService.debug.xcconfig"; path = "Target Support Files/Pods-ProfileService/Pods-ProfileService.debug.xcconfig"; sourceTree = "<group>"; };
		E0AB8AD343DD05BF58CAD354 /* Pods-ProfileService.release.xcconfig */ = {isa = PBXFileReference; includeInIndex = 1; lastKnownFileType = text.xcconfig; name = "Pods-ProfileService.release.xcconfig"; path = "Target Support Files/Pods-ProfileService/Pods-ProfileService.release.xcconfig"; sourceTree = "<group>"; };
		E81056C6F93EE7B86E3BD07C /* libPods-ProfileService.a */ = {isa = PBXFileReference; explicitFileType = archive.ar; includeInIndex = 0; path = "libPods-ProfileService.a"; sourceTree = BUILT_PRODUCTS_DIR; };
		F70AD02B25B5CE0300F2A62A /* MainViewModel.swift */ = {isa = PBXFileReference; lastKnownFileType = sourcecode.swift; path = MainViewModel.swift; sourceTree = "<group>"; };
		F70AD03025B5CE8400F2A62A /* ProfileIdModel.swift */ = {isa = PBXFileReference; lastKnownFileType = sourcecode.swift; path = ProfileIdModel.swift; sourceTree = "<group>"; };
		F70AD03825B5CF1200F2A62A /* UserModel.swift */ = {isa = PBXFileReference; lastKnownFileType = sourcecode.swift; path = UserModel.swift; sourceTree = "<group>"; };
		F70AD04B25B5D15500F2A62A /* MainView.swift */ = {isa = PBXFileReference; lastKnownFileType = sourcecode.swift; path = MainView.swift; sourceTree = "<group>"; };
		F70AD05325B5D1E000F2A62A /* MediaModel.swift */ = {isa = PBXFileReference; lastKnownFileType = sourcecode.swift; path = MediaModel.swift; sourceTree = "<group>"; };
		F70AD14225B75A5200F2A62A /* Theme.swift */ = {isa = PBXFileReference; lastKnownFileType = sourcecode.swift; path = Theme.swift; sourceTree = "<group>"; };
		F70AD15225B7619300F2A62A /* ColorPaletts.swift */ = {isa = PBXFileReference; lastKnownFileType = sourcecode.swift; path = ColorPaletts.swift; sourceTree = "<group>"; };
		F70AD15A25B7624C00F2A62A /* ThemeProvider.swift */ = {isa = PBXFileReference; lastKnownFileType = sourcecode.swift; path = ThemeProvider.swift; sourceTree = "<group>"; };
		F70AD18925B7704800F2A62A /* Themeable.swift */ = {isa = PBXFileReference; lastKnownFileType = sourcecode.swift; path = Themeable.swift; sourceTree = "<group>"; };
		F70AD19F25B77E3100F2A62A /* DefaultThemeProvider.swift */ = {isa = PBXFileReference; lastKnownFileType = sourcecode.swift; path = DefaultThemeProvider.swift; sourceTree = "<group>"; };
		F7EB598E25B589B800E3F9BA /* ProfileService.app */ = {isa = PBXFileReference; explicitFileType = wrapper.application; includeInIndex = 0; path = ProfileService.app; sourceTree = BUILT_PRODUCTS_DIR; };
		F7EB599125B589B900E3F9BA /* AppDelegate.swift */ = {isa = PBXFileReference; lastKnownFileType = sourcecode.swift; path = AppDelegate.swift; sourceTree = "<group>"; };
		F7EB599325B589B900E3F9BA /* SceneDelegate.swift */ = {isa = PBXFileReference; lastKnownFileType = sourcecode.swift; path = SceneDelegate.swift; sourceTree = "<group>"; };
		F7EB599525B589B900E3F9BA /* MainViewController.swift */ = {isa = PBXFileReference; lastKnownFileType = sourcecode.swift; path = MainViewController.swift; sourceTree = "<group>"; };
		F7EB599825B589B900E3F9BA /* Base */ = {isa = PBXFileReference; lastKnownFileType = file.storyboard; name = Base; path = Base.lproj/Main.storyboard; sourceTree = "<group>"; };
		F7EB599B25B589B900E3F9BA /* ProfileService.xcdatamodel */ = {isa = PBXFileReference; lastKnownFileType = wrapper.xcdatamodel; path = ProfileService.xcdatamodel; sourceTree = "<group>"; };
		F7EB599D25B589B900E3F9BA /* Assets.xcassets */ = {isa = PBXFileReference; lastKnownFileType = folder.assetcatalog; path = Assets.xcassets; sourceTree = "<group>"; };
		F7EB59A025B589B900E3F9BA /* Base */ = {isa = PBXFileReference; lastKnownFileType = file.storyboard; name = Base; path = Base.lproj/LaunchScreen.storyboard; sourceTree = "<group>"; };
		F7EB59A225B589B900E3F9BA /* Info.plist */ = {isa = PBXFileReference; lastKnownFileType = text.plist.xml; path = Info.plist; sourceTree = "<group>"; };
		F7EB59A725B589BA00E3F9BA /* ProfileServiceTests.xctest */ = {isa = PBXFileReference; explicitFileType = wrapper.cfbundle; includeInIndex = 0; path = ProfileServiceTests.xctest; sourceTree = BUILT_PRODUCTS_DIR; };
		F7EB59AB25B589BA00E3F9BA /* ProfileServiceTests.swift */ = {isa = PBXFileReference; lastKnownFileType = sourcecode.swift; path = ProfileServiceTests.swift; sourceTree = "<group>"; };
		F7EB59AD25B589BA00E3F9BA /* Info.plist */ = {isa = PBXFileReference; lastKnownFileType = text.plist.xml; path = Info.plist; sourceTree = "<group>"; };
		F7EB59B225B589BA00E3F9BA /* ProfileServiceUITests.xctest */ = {isa = PBXFileReference; explicitFileType = wrapper.cfbundle; includeInIndex = 0; path = ProfileServiceUITests.xctest; sourceTree = BUILT_PRODUCTS_DIR; };
		F7EB59B625B589BA00E3F9BA /* ProfileServiceUITests.swift */ = {isa = PBXFileReference; lastKnownFileType = sourcecode.swift; path = ProfileServiceUITests.swift; sourceTree = "<group>"; };
		F7EB59B825B589BA00E3F9BA /* Info.plist */ = {isa = PBXFileReference; lastKnownFileType = text.plist.xml; path = Info.plist; sourceTree = "<group>"; };
/* End PBXFileReference section */

/* Begin PBXFrameworksBuildPhase section */
		F7EB598B25B589B800E3F9BA /* Frameworks */ = {
			isa = PBXFrameworksBuildPhase;
			buildActionMask = 2147483647;
			files = (
				195C859178EDA85429817ED6 /* libPods-ProfileService.a in Frameworks */,
			);
			runOnlyForDeploymentPostprocessing = 0;
		};
		F7EB59A425B589BA00E3F9BA /* Frameworks */ = {
			isa = PBXFrameworksBuildPhase;
			buildActionMask = 2147483647;
			files = (
				6A136AC7DB1067C64B4A8E41 /* libPods-ProfileServiceTests.a in Frameworks */,
			);
			runOnlyForDeploymentPostprocessing = 0;
		};
		F7EB59AF25B589BA00E3F9BA /* Frameworks */ = {
			isa = PBXFrameworksBuildPhase;
			buildActionMask = 2147483647;
			files = (
				438D3BD508973D3CA2357BA0 /* libPods-ProfileService-ProfileServiceUITests.a in Frameworks */,
			);
			runOnlyForDeploymentPostprocessing = 0;
		};
/* End PBXFrameworksBuildPhase section */

/* Begin PBXGroup section */
		150189B84D1755E519615CC7 /* Frameworks */ = {
			isa = PBXGroup;
			children = (
				E81056C6F93EE7B86E3BD07C /* libPods-ProfileService.a */,
				19D9F1D848563E886300BFE6 /* libPods-ProfileService-ProfileServiceUITests.a */,
				67D30CF6EDDFEC5C823C661D /* libPods-ProfileServiceTests.a */,
			);
			name = Frameworks;
			sourceTree = "<group>";
		};
		80BE2381577EC26A8A89A717 /* Pods */ = {
			isa = PBXGroup;
			children = (
				CDE2F555C28D74F194DA1EF5 /* Pods-ProfileService.debug.xcconfig */,
				E0AB8AD343DD05BF58CAD354 /* Pods-ProfileService.release.xcconfig */,
				0C30653A178B007A9BC50200 /* Pods-ProfileService-ProfileServiceUITests.debug.xcconfig */,
				6781B7BC993036D512189056 /* Pods-ProfileService-ProfileServiceUITests.release.xcconfig */,
				C745C825B334F2E1C03FF2CD /* Pods-ProfileServiceTests.debug.xcconfig */,
				BD067CA45D753BB00CC89526 /* Pods-ProfileServiceTests.release.xcconfig */,
			);
			path = Pods;
			sourceTree = "<group>";
		};
		F70AD02125B5CDAB00F2A62A /* MainModule */ = {
			isa = PBXGroup;
			children = (
				F70AD02925B5CDD300F2A62A /* Model */,
				F70AD02525B5CDBC00F2A62A /* View */,
				F70AD02A25B5CDDF00F2A62A /* ViewModel */,
			);
			path = MainModule;
			sourceTree = "<group>";
		};
		F70AD02525B5CDBC00F2A62A /* View */ = {
			isa = PBXGroup;
			children = (
				F70AD04B25B5D15500F2A62A /* MainView.swift */,
				F7EB599525B589B900E3F9BA /* MainViewController.swift */,
			);
			path = View;
			sourceTree = "<group>";
		};
		F70AD02925B5CDD300F2A62A /* Model */ = {
			isa = PBXGroup;
			children = (
				F70AD03025B5CE8400F2A62A /* ProfileIdModel.swift */,
				F70AD03825B5CF1200F2A62A /* UserModel.swift */,
				F70AD05325B5D1E000F2A62A /* MediaModel.swift */,
			);
			path = Model;
			sourceTree = "<group>";
		};
		F70AD02A25B5CDDF00F2A62A /* ViewModel */ = {
			isa = PBXGroup;
			children = (
				F70AD02B25B5CE0300F2A62A /* MainViewModel.swift */,
			);
			path = ViewModel;
			sourceTree = "<group>";
		};
		F70AD11825B7553900F2A62A /* Theme */ = {
			isa = PBXGroup;
			children = (
				F70AD15225B7619300F2A62A /* ColorPaletts.swift */,
				F70AD14225B75A5200F2A62A /* Theme.swift */,
				F70AD18925B7704800F2A62A /* Themeable.swift */,
				F70AD19F25B77E3100F2A62A /* DefaultThemeProvider.swift */,
				F70AD15A25B7624C00F2A62A /* ThemeProvider.swift */,
			);
			path = Theme;
			sourceTree = "<group>";
		};
		F70AD11925B7554400F2A62A /* Base */ = {
			isa = PBXGroup;
			children = (
				F70AD11825B7553900F2A62A /* Theme */,
			);
			path = Base;
			sourceTree = "<group>";
		};
		F7EB598525B589B800E3F9BA = {
			isa = PBXGroup;
			children = (
				F7EB599025B589B800E3F9BA /* ProfileService */,
				F7EB59AA25B589BA00E3F9BA /* ProfileServiceTests */,
				F7EB59B525B589BA00E3F9BA /* ProfileServiceUITests */,
				F7EB598F25B589B800E3F9BA /* Products */,
				80BE2381577EC26A8A89A717 /* Pods */,
				150189B84D1755E519615CC7 /* Frameworks */,
			);
			sourceTree = "<group>";
		};
		F7EB598F25B589B800E3F9BA /* Products */ = {
			isa = PBXGroup;
			children = (
				F7EB598E25B589B800E3F9BA /* ProfileService.app */,
				F7EB59A725B589BA00E3F9BA /* ProfileServiceTests.xctest */,
				F7EB59B225B589BA00E3F9BA /* ProfileServiceUITests.xctest */,
			);
			name = Products;
			sourceTree = "<group>";
		};
		F7EB599025B589B800E3F9BA /* ProfileService */ = {
			isa = PBXGroup;
			children = (
				F7EB599125B589B900E3F9BA /* AppDelegate.swift */,
				F7EB599325B589B900E3F9BA /* SceneDelegate.swift */,
				F70AD11925B7554400F2A62A /* Base */,
				F70AD02125B5CDAB00F2A62A /* MainModule */,
				F7EB599725B589B900E3F9BA /* Main.storyboard */,
				F7EB599D25B589B900E3F9BA /* Assets.xcassets */,
				F7EB599F25B589B900E3F9BA /* LaunchScreen.storyboard */,
				F7EB59A225B589B900E3F9BA /* Info.plist */,
				F7EB599A25B589B900E3F9BA /* ProfileService.xcdatamodeld */,
			);
			path = ProfileService;
			sourceTree = "<group>";
		};
		F7EB59AA25B589BA00E3F9BA /* ProfileServiceTests */ = {
			isa = PBXGroup;
			children = (
				F7EB59AB25B589BA00E3F9BA /* ProfileServiceTests.swift */,
				F7EB59AD25B589BA00E3F9BA /* Info.plist */,
			);
			path = ProfileServiceTests;
			sourceTree = "<group>";
		};
		F7EB59B525B589BA00E3F9BA /* ProfileServiceUITests */ = {
			isa = PBXGroup;
			children = (
				F7EB59B625B589BA00E3F9BA /* ProfileServiceUITests.swift */,
				F7EB59B825B589BA00E3F9BA /* Info.plist */,
			);
			path = ProfileServiceUITests;
			sourceTree = "<group>";
		};
/* End PBXGroup section */

/* Begin PBXNativeTarget section */
		F7EB598D25B589B800E3F9BA /* ProfileService */ = {
			isa = PBXNativeTarget;
			buildConfigurationList = F7EB59BB25B589BA00E3F9BA /* Build configuration list for PBXNativeTarget "ProfileService" */;
			buildPhases = (
				30EE29B5D49A8D5A62350DF5 /* [CP] Check Pods Manifest.lock */,
				F7EB598A25B589B800E3F9BA /* Sources */,
				F7EB598B25B589B800E3F9BA /* Frameworks */,
				F7EB598C25B589B800E3F9BA /* Resources */,
			);
			buildRules = (
			);
			dependencies = (
			);
			name = ProfileService;
			productName = ProfileService;
			productReference = F7EB598E25B589B800E3F9BA /* ProfileService.app */;
			productType = "com.apple.product-type.application";
		};
		F7EB59A625B589BA00E3F9BA /* ProfileServiceTests */ = {
			isa = PBXNativeTarget;
			buildConfigurationList = F7EB59BE25B589BA00E3F9BA /* Build configuration list for PBXNativeTarget "ProfileServiceTests" */;
			buildPhases = (
				E46F38F075E0EDD0859C86BB /* [CP] Check Pods Manifest.lock */,
				F7EB59A325B589BA00E3F9BA /* Sources */,
				F7EB59A425B589BA00E3F9BA /* Frameworks */,
				F7EB59A525B589BA00E3F9BA /* Resources */,
			);
			buildRules = (
			);
			dependencies = (
				F7EB59A925B589BA00E3F9BA /* PBXTargetDependency */,
			);
			name = ProfileServiceTests;
			productName = ProfileServiceTests;
			productReference = F7EB59A725B589BA00E3F9BA /* ProfileServiceTests.xctest */;
			productType = "com.apple.product-type.bundle.unit-test";
		};
		F7EB59B125B589BA00E3F9BA /* ProfileServiceUITests */ = {
			isa = PBXNativeTarget;
			buildConfigurationList = F7EB59C125B589BA00E3F9BA /* Build configuration list for PBXNativeTarget "ProfileServiceUITests" */;
			buildPhases = (
				20F3D40C61568B67AA683A1E /* [CP] Check Pods Manifest.lock */,
				F7EB59AE25B589BA00E3F9BA /* Sources */,
				F7EB59AF25B589BA00E3F9BA /* Frameworks */,
				F7EB59B025B589BA00E3F9BA /* Resources */,
			);
			buildRules = (
			);
			dependencies = (
				F7EB59B425B589BA00E3F9BA /* PBXTargetDependency */,
			);
			name = ProfileServiceUITests;
			productName = ProfileServiceUITests;
			productReference = F7EB59B225B589BA00E3F9BA /* ProfileServiceUITests.xctest */;
			productType = "com.apple.product-type.bundle.ui-testing";
		};
/* End PBXNativeTarget section */

/* Begin PBXProject section */
		F7EB598625B589B800E3F9BA /* Project object */ = {
			isa = PBXProject;
			attributes = {
				LastSwiftUpdateCheck = 1230;
				LastUpgradeCheck = 1230;
				TargetAttributes = {
					F7EB598D25B589B800E3F9BA = {
						CreatedOnToolsVersion = 12.3;
					};
					F7EB59A625B589BA00E3F9BA = {
						CreatedOnToolsVersion = 12.3;
						TestTargetID = F7EB598D25B589B800E3F9BA;
					};
					F7EB59B125B589BA00E3F9BA = {
						CreatedOnToolsVersion = 12.3;
						TestTargetID = F7EB598D25B589B800E3F9BA;
					};
				};
			};
			buildConfigurationList = F7EB598925B589B800E3F9BA /* Build configuration list for PBXProject "ProfileService" */;
			compatibilityVersion = "Xcode 9.3";
			developmentRegion = en;
			hasScannedForEncodings = 0;
			knownRegions = (
				en,
				Base,
			);
			mainGroup = F7EB598525B589B800E3F9BA;
			productRefGroup = F7EB598F25B589B800E3F9BA /* Products */;
			projectDirPath = "";
			projectRoot = "";
			targets = (
				F7EB598D25B589B800E3F9BA /* ProfileService */,
				F7EB59A625B589BA00E3F9BA /* ProfileServiceTests */,
				F7EB59B125B589BA00E3F9BA /* ProfileServiceUITests */,
			);
		};
/* End PBXProject section */

/* Begin PBXResourcesBuildPhase section */
		F7EB598C25B589B800E3F9BA /* Resources */ = {
			isa = PBXResourcesBuildPhase;
			buildActionMask = 2147483647;
			files = (
				F7EB59A125B589B900E3F9BA /* LaunchScreen.storyboard in Resources */,
				F7EB599E25B589B900E3F9BA /* Assets.xcassets in Resources */,
				F7EB599925B589B900E3F9BA /* Main.storyboard in Resources */,
			);
			runOnlyForDeploymentPostprocessing = 0;
		};
		F7EB59A525B589BA00E3F9BA /* Resources */ = {
			isa = PBXResourcesBuildPhase;
			buildActionMask = 2147483647;
			files = (
			);
			runOnlyForDeploymentPostprocessing = 0;
		};
		F7EB59B025B589BA00E3F9BA /* Resources */ = {
			isa = PBXResourcesBuildPhase;
			buildActionMask = 2147483647;
			files = (
			);
			runOnlyForDeploymentPostprocessing = 0;
		};
/* End PBXResourcesBuildPhase section */

/* Begin PBXShellScriptBuildPhase section */
		20F3D40C61568B67AA683A1E /* [CP] Check Pods Manifest.lock */ = {
			isa = PBXShellScriptBuildPhase;
			buildActionMask = 2147483647;
			files = (
			);
			inputFileListPaths = (
			);
			inputPaths = (
				"${PODS_PODFILE_DIR_PATH}/Podfile.lock",
				"${PODS_ROOT}/Manifest.lock",
			);
			name = "[CP] Check Pods Manifest.lock";
			outputFileListPaths = (
			);
			outputPaths = (
				"$(DERIVED_FILE_DIR)/Pods-ProfileService-ProfileServiceUITests-checkManifestLockResult.txt",
			);
			runOnlyForDeploymentPostprocessing = 0;
			shellPath = /bin/sh;
			shellScript = "diff \"${PODS_PODFILE_DIR_PATH}/Podfile.lock\" \"${PODS_ROOT}/Manifest.lock\" > /dev/null\nif [ $? != 0 ] ; then\n    # print error to STDERR\n    echo \"error: The sandbox is not in sync with the Podfile.lock. Run 'pod install' or update your CocoaPods installation.\" >&2\n    exit 1\nfi\n# This output is used by Xcode 'outputs' to avoid re-running this script phase.\necho \"SUCCESS\" > \"${SCRIPT_OUTPUT_FILE_0}\"\n";
			showEnvVarsInLog = 0;
		};
		30EE29B5D49A8D5A62350DF5 /* [CP] Check Pods Manifest.lock */ = {
			isa = PBXShellScriptBuildPhase;
			buildActionMask = 2147483647;
			files = (
			);
			inputFileListPaths = (
			);
			inputPaths = (
				"${PODS_PODFILE_DIR_PATH}/Podfile.lock",
				"${PODS_ROOT}/Manifest.lock",
			);
			name = "[CP] Check Pods Manifest.lock";
			outputFileListPaths = (
			);
			outputPaths = (
				"$(DERIVED_FILE_DIR)/Pods-ProfileService-checkManifestLockResult.txt",
			);
			runOnlyForDeploymentPostprocessing = 0;
			shellPath = /bin/sh;
			shellScript = "diff \"${PODS_PODFILE_DIR_PATH}/Podfile.lock\" \"${PODS_ROOT}/Manifest.lock\" > /dev/null\nif [ $? != 0 ] ; then\n    # print error to STDERR\n    echo \"error: The sandbox is not in sync with the Podfile.lock. Run 'pod install' or update your CocoaPods installation.\" >&2\n    exit 1\nfi\n# This output is used by Xcode 'outputs' to avoid re-running this script phase.\necho \"SUCCESS\" > \"${SCRIPT_OUTPUT_FILE_0}\"\n";
			showEnvVarsInLog = 0;
		};
		E46F38F075E0EDD0859C86BB /* [CP] Check Pods Manifest.lock */ = {
			isa = PBXShellScriptBuildPhase;
			buildActionMask = 2147483647;
			files = (
			);
			inputFileListPaths = (
			);
			inputPaths = (
				"${PODS_PODFILE_DIR_PATH}/Podfile.lock",
				"${PODS_ROOT}/Manifest.lock",
			);
			name = "[CP] Check Pods Manifest.lock";
			outputFileListPaths = (
			);
			outputPaths = (
				"$(DERIVED_FILE_DIR)/Pods-ProfileServiceTests-checkManifestLockResult.txt",
			);
			runOnlyForDeploymentPostprocessing = 0;
			shellPath = /bin/sh;
			shellScript = "diff \"${PODS_PODFILE_DIR_PATH}/Podfile.lock\" \"${PODS_ROOT}/Manifest.lock\" > /dev/null\nif [ $? != 0 ] ; then\n    # print error to STDERR\n    echo \"error: The sandbox is not in sync with the Podfile.lock. Run 'pod install' or update your CocoaPods installation.\" >&2\n    exit 1\nfi\n# This output is used by Xcode 'outputs' to avoid re-running this script phase.\necho \"SUCCESS\" > \"${SCRIPT_OUTPUT_FILE_0}\"\n";
			showEnvVarsInLog = 0;
		};
/* End PBXShellScriptBuildPhase section */

/* Begin PBXSourcesBuildPhase section */
		F7EB598A25B589B800E3F9BA /* Sources */ = {
			isa = PBXSourcesBuildPhase;
			buildActionMask = 2147483647;
			files = (
				F70AD18A25B7704800F2A62A /* Themeable.swift in Sources */,
				F70AD15325B7619300F2A62A /* ColorPaletts.swift in Sources */,
				F70AD03925B5CF1200F2A62A /* UserModel.swift in Sources */,
				F70AD14325B75A5200F2A62A /* Theme.swift in Sources */,
				F70AD04C25B5D15500F2A62A /* MainView.swift in Sources */,
				F70AD02C25B5CE0300F2A62A /* MainViewModel.swift in Sources */,
				F70AD15B25B7624C00F2A62A /* ThemeProvider.swift in Sources */,
				F7EB599625B589B900E3F9BA /* MainViewController.swift in Sources */,
				F7EB599C25B589B900E3F9BA /* ProfileService.xcdatamodeld in Sources */,
				F70AD05425B5D1E000F2A62A /* MediaModel.swift in Sources */,
				F7EB599225B589B900E3F9BA /* AppDelegate.swift in Sources */,
				F70AD1A025B77E3100F2A62A /* DefaultThemeProvider.swift in Sources */,
				F70AD03125B5CE8400F2A62A /* ProfileIdModel.swift in Sources */,
				F7EB599425B589B900E3F9BA /* SceneDelegate.swift in Sources */,
			);
			runOnlyForDeploymentPostprocessing = 0;
		};
		F7EB59A325B589BA00E3F9BA /* Sources */ = {
			isa = PBXSourcesBuildPhase;
			buildActionMask = 2147483647;
			files = (
				F7EB59AC25B589BA00E3F9BA /* ProfileServiceTests.swift in Sources */,
			);
			runOnlyForDeploymentPostprocessing = 0;
		};
		F7EB59AE25B589BA00E3F9BA /* Sources */ = {
			isa = PBXSourcesBuildPhase;
			buildActionMask = 2147483647;
			files = (
				F7EB59B725B589BA00E3F9BA /* ProfileServiceUITests.swift in Sources */,
			);
			runOnlyForDeploymentPostprocessing = 0;
		};
/* End PBXSourcesBuildPhase section */

/* Begin PBXTargetDependency section */
		F7EB59A925B589BA00E3F9BA /* PBXTargetDependency */ = {
			isa = PBXTargetDependency;
			target = F7EB598D25B589B800E3F9BA /* ProfileService */;
			targetProxy = F7EB59A825B589BA00E3F9BA /* PBXContainerItemProxy */;
		};
		F7EB59B425B589BA00E3F9BA /* PBXTargetDependency */ = {
			isa = PBXTargetDependency;
			target = F7EB598D25B589B800E3F9BA /* ProfileService */;
			targetProxy = F7EB59B325B589BA00E3F9BA /* PBXContainerItemProxy */;
		};
/* End PBXTargetDependency section */

/* Begin PBXVariantGroup section */
		F7EB599725B589B900E3F9BA /* Main.storyboard */ = {
			isa = PBXVariantGroup;
			children = (
				F7EB599825B589B900E3F9BA /* Base */,
			);
			name = Main.storyboard;
			sourceTree = "<group>";
		};
		F7EB599F25B589B900E3F9BA /* LaunchScreen.storyboard */ = {
			isa = PBXVariantGroup;
			children = (
				F7EB59A025B589B900E3F9BA /* Base */,
			);
			name = LaunchScreen.storyboard;
			sourceTree = "<group>";
		};
/* End PBXVariantGroup section */

/* Begin XCBuildConfiguration section */
		F7EB59B925B589BA00E3F9BA /* Debug */ = {
			isa = XCBuildConfiguration;
			buildSettings = {
				ALWAYS_SEARCH_USER_PATHS = NO;
				CLANG_ANALYZER_NONNULL = YES;
				CLANG_ANALYZER_NUMBER_OBJECT_CONVERSION = YES_AGGRESSIVE;
				CLANG_CXX_LANGUAGE_STANDARD = "gnu++14";
				CLANG_CXX_LIBRARY = "libc++";
				CLANG_ENABLE_MODULES = YES;
				CLANG_ENABLE_OBJC_ARC = YES;
				CLANG_ENABLE_OBJC_WEAK = YES;
				CLANG_WARN_BLOCK_CAPTURE_AUTORELEASING = YES;
				CLANG_WARN_BOOL_CONVERSION = YES;
				CLANG_WARN_COMMA = YES;
				CLANG_WARN_CONSTANT_CONVERSION = YES;
				CLANG_WARN_DEPRECATED_OBJC_IMPLEMENTATIONS = YES;
				CLANG_WARN_DIRECT_OBJC_ISA_USAGE = YES_ERROR;
				CLANG_WARN_DOCUMENTATION_COMMENTS = YES;
				CLANG_WARN_EMPTY_BODY = YES;
				CLANG_WARN_ENUM_CONVERSION = YES;
				CLANG_WARN_INFINITE_RECURSION = YES;
				CLANG_WARN_INT_CONVERSION = YES;
				CLANG_WARN_NON_LITERAL_NULL_CONVERSION = YES;
				CLANG_WARN_OBJC_IMPLICIT_RETAIN_SELF = YES;
				CLANG_WARN_OBJC_LITERAL_CONVERSION = YES;
				CLANG_WARN_OBJC_ROOT_CLASS = YES_ERROR;
				CLANG_WARN_QUOTED_INCLUDE_IN_FRAMEWORK_HEADER = YES;
				CLANG_WARN_RANGE_LOOP_ANALYSIS = YES;
				CLANG_WARN_STRICT_PROTOTYPES = YES;
				CLANG_WARN_SUSPICIOUS_MOVE = YES;
				CLANG_WARN_UNGUARDED_AVAILABILITY = YES_AGGRESSIVE;
				CLANG_WARN_UNREACHABLE_CODE = YES;
				CLANG_WARN__DUPLICATE_METHOD_MATCH = YES;
				COPY_PHASE_STRIP = NO;
				DEBUG_INFORMATION_FORMAT = dwarf;
				ENABLE_STRICT_OBJC_MSGSEND = YES;
				ENABLE_TESTABILITY = YES;
				GCC_C_LANGUAGE_STANDARD = gnu11;
				GCC_DYNAMIC_NO_PIC = NO;
				GCC_NO_COMMON_BLOCKS = YES;
				GCC_OPTIMIZATION_LEVEL = 0;
				GCC_PREPROCESSOR_DEFINITIONS = (
					"DEBUG=1",
					"$(inherited)",
				);
				GCC_WARN_64_TO_32_BIT_CONVERSION = YES;
				GCC_WARN_ABOUT_RETURN_TYPE = YES_ERROR;
				GCC_WARN_UNDECLARED_SELECTOR = YES;
				GCC_WARN_UNINITIALIZED_AUTOS = YES_AGGRESSIVE;
				GCC_WARN_UNUSED_FUNCTION = YES;
				GCC_WARN_UNUSED_VARIABLE = YES;
				IPHONEOS_DEPLOYMENT_TARGET = 13.0;
				MTL_ENABLE_DEBUG_INFO = INCLUDE_SOURCE;
				MTL_FAST_MATH = YES;
				ONLY_ACTIVE_ARCH = YES;
				SDKROOT = iphoneos;
				SWIFT_ACTIVE_COMPILATION_CONDITIONS = DEBUG;
				SWIFT_OPTIMIZATION_LEVEL = "-Onone";
			};
			name = Debug;
		};
		F7EB59BA25B589BA00E3F9BA /* Release */ = {
			isa = XCBuildConfiguration;
			buildSettings = {
				ALWAYS_SEARCH_USER_PATHS = NO;
				CLANG_ANALYZER_NONNULL = YES;
				CLANG_ANALYZER_NUMBER_OBJECT_CONVERSION = YES_AGGRESSIVE;
				CLANG_CXX_LANGUAGE_STANDARD = "gnu++14";
				CLANG_CXX_LIBRARY = "libc++";
				CLANG_ENABLE_MODULES = YES;
				CLANG_ENABLE_OBJC_ARC = YES;
				CLANG_ENABLE_OBJC_WEAK = YES;
				CLANG_WARN_BLOCK_CAPTURE_AUTORELEASING = YES;
				CLANG_WARN_BOOL_CONVERSION = YES;
				CLANG_WARN_COMMA = YES;
				CLANG_WARN_CONSTANT_CONVERSION = YES;
				CLANG_WARN_DEPRECATED_OBJC_IMPLEMENTATIONS = YES;
				CLANG_WARN_DIRECT_OBJC_ISA_USAGE = YES_ERROR;
				CLANG_WARN_DOCUMENTATION_COMMENTS = YES;
				CLANG_WARN_EMPTY_BODY = YES;
				CLANG_WARN_ENUM_CONVERSION = YES;
				CLANG_WARN_INFINITE_RECURSION = YES;
				CLANG_WARN_INT_CONVERSION = YES;
				CLANG_WARN_NON_LITERAL_NULL_CONVERSION = YES;
				CLANG_WARN_OBJC_IMPLICIT_RETAIN_SELF = YES;
				CLANG_WARN_OBJC_LITERAL_CONVERSION = YES;
				CLANG_WARN_OBJC_ROOT_CLASS = YES_ERROR;
				CLANG_WARN_QUOTED_INCLUDE_IN_FRAMEWORK_HEADER = YES;
				CLANG_WARN_RANGE_LOOP_ANALYSIS = YES;
				CLANG_WARN_STRICT_PROTOTYPES = YES;
				CLANG_WARN_SUSPICIOUS_MOVE = YES;
				CLANG_WARN_UNGUARDED_AVAILABILITY = YES_AGGRESSIVE;
				CLANG_WARN_UNREACHABLE_CODE = YES;
				CLANG_WARN__DUPLICATE_METHOD_MATCH = YES;
				COPY_PHASE_STRIP = NO;
				DEBUG_INFORMATION_FORMAT = "dwarf-with-dsym";
				ENABLE_NS_ASSERTIONS = NO;
				ENABLE_STRICT_OBJC_MSGSEND = YES;
				GCC_C_LANGUAGE_STANDARD = gnu11;
				GCC_NO_COMMON_BLOCKS = YES;
				GCC_WARN_64_TO_32_BIT_CONVERSION = YES;
				GCC_WARN_ABOUT_RETURN_TYPE = YES_ERROR;
				GCC_WARN_UNDECLARED_SELECTOR = YES;
				GCC_WARN_UNINITIALIZED_AUTOS = YES_AGGRESSIVE;
				GCC_WARN_UNUSED_FUNCTION = YES;
				GCC_WARN_UNUSED_VARIABLE = YES;
				IPHONEOS_DEPLOYMENT_TARGET = 13.0;
				MTL_ENABLE_DEBUG_INFO = NO;
				MTL_FAST_MATH = YES;
				SDKROOT = iphoneos;
				SWIFT_COMPILATION_MODE = wholemodule;
				SWIFT_OPTIMIZATION_LEVEL = "-O";
				VALIDATE_PRODUCT = YES;
			};
			name = Release;
		};
		F7EB59BC25B589BA00E3F9BA /* Debug */ = {
			isa = XCBuildConfiguration;
			baseConfigurationReference = CDE2F555C28D74F194DA1EF5 /* Pods-ProfileService.debug.xcconfig */;
			buildSettings = {
				ASSETCATALOG_COMPILER_APPICON_NAME = AppIcon;
				ASSETCATALOG_COMPILER_GLOBAL_ACCENT_COLOR_NAME = AccentColor;
				CODE_SIGN_STYLE = Automatic;
				DEVELOPMENT_TEAM = 3S8AVD2TKW;
				INFOPLIST_FILE = ProfileService/Info.plist;
				IPHONEOS_DEPLOYMENT_TARGET = 13.0;
				LD_RUNPATH_SEARCH_PATHS = (
					"$(inherited)",
					"@executable_path/Frameworks",
				);
				PRODUCT_BUNDLE_IDENTIFIER = com.bogdanpoh.ProfileService;
				PRODUCT_NAME = "$(TARGET_NAME)";
				SWIFT_VERSION = 5.0;
				TARGETED_DEVICE_FAMILY = "1,2";
			};
			name = Debug;
		};
		F7EB59BD25B589BA00E3F9BA /* Release */ = {
			isa = XCBuildConfiguration;
			baseConfigurationReference = E0AB8AD343DD05BF58CAD354 /* Pods-ProfileService.release.xcconfig */;
			buildSettings = {
				ASSETCATALOG_COMPILER_APPICON_NAME = AppIcon;
				ASSETCATALOG_COMPILER_GLOBAL_ACCENT_COLOR_NAME = AccentColor;
				CODE_SIGN_STYLE = Automatic;
				DEVELOPMENT_TEAM = 3S8AVD2TKW;
				INFOPLIST_FILE = ProfileService/Info.plist;
				IPHONEOS_DEPLOYMENT_TARGET = 13.0;
				LD_RUNPATH_SEARCH_PATHS = (
					"$(inherited)",
					"@executable_path/Frameworks",
				);
				PRODUCT_BUNDLE_IDENTIFIER = com.bogdanpoh.ProfileService;
				PRODUCT_NAME = "$(TARGET_NAME)";
				SWIFT_VERSION = 5.0;
				TARGETED_DEVICE_FAMILY = "1,2";
			};
			name = Release;
		};
		F7EB59BF25B589BA00E3F9BA /* Debug */ = {
			isa = XCBuildConfiguration;
			baseConfigurationReference = C745C825B334F2E1C03FF2CD /* Pods-ProfileServiceTests.debug.xcconfig */;
			buildSettings = {
				ALWAYS_EMBED_SWIFT_STANDARD_LIBRARIES = YES;
				BUNDLE_LOADER = "$(TEST_HOST)";
				CODE_SIGN_STYLE = Automatic;
				DEVELOPMENT_TEAM = 3S8AVD2TKW;
				INFOPLIST_FILE = ProfileServiceTests/Info.plist;
				IPHONEOS_DEPLOYMENT_TARGET = 14.3;
				LD_RUNPATH_SEARCH_PATHS = (
					"$(inherited)",
					"@executable_path/Frameworks",
					"@loader_path/Frameworks",
				);
				PRODUCT_BUNDLE_IDENTIFIER = com.bogdanpoh.ProfileServiceTests;
				PRODUCT_NAME = "$(TARGET_NAME)";
				SWIFT_VERSION = 5.0;
				TARGETED_DEVICE_FAMILY = "1,2";
				TEST_HOST = "$(BUILT_PRODUCTS_DIR)/ProfileService.app/ProfileService";
			};
			name = Debug;
		};
		F7EB59C025B589BA00E3F9BA /* Release */ = {
			isa = XCBuildConfiguration;
			baseConfigurationReference = BD067CA45D753BB00CC89526 /* Pods-ProfileServiceTests.release.xcconfig */;
			buildSettings = {
				ALWAYS_EMBED_SWIFT_STANDARD_LIBRARIES = YES;
				BUNDLE_LOADER = "$(TEST_HOST)";
				CODE_SIGN_STYLE = Automatic;
				DEVELOPMENT_TEAM = 3S8AVD2TKW;
				INFOPLIST_FILE = ProfileServiceTests/Info.plist;
				IPHONEOS_DEPLOYMENT_TARGET = 14.3;
				LD_RUNPATH_SEARCH_PATHS = (
					"$(inherited)",
					"@executable_path/Frameworks",
					"@loader_path/Frameworks",
				);
				PRODUCT_BUNDLE_IDENTIFIER = com.bogdanpoh.ProfileServiceTests;
				PRODUCT_NAME = "$(TARGET_NAME)";
				SWIFT_VERSION = 5.0;
				TARGETED_DEVICE_FAMILY = "1,2";
				TEST_HOST = "$(BUILT_PRODUCTS_DIR)/ProfileService.app/ProfileService";
			};
			name = Release;
		};
		F7EB59C225B589BA00E3F9BA /* Debug */ = {
			isa = XCBuildConfiguration;
			baseConfigurationReference = 0C30653A178B007A9BC50200 /* Pods-ProfileService-ProfileServiceUITests.debug.xcconfig */;
			buildSettings = {
				ALWAYS_EMBED_SWIFT_STANDARD_LIBRARIES = YES;
				CODE_SIGN_STYLE = Automatic;
				DEVELOPMENT_TEAM = 3S8AVD2TKW;
				INFOPLIST_FILE = ProfileServiceUITests/Info.plist;
				LD_RUNPATH_SEARCH_PATHS = (
					"$(inherited)",
					"@executable_path/Frameworks",
					"@loader_path/Frameworks",
				);
				PRODUCT_BUNDLE_IDENTIFIER = com.bogdanpoh.ProfileServiceUITests;
				PRODUCT_NAME = "$(TARGET_NAME)";
				SWIFT_VERSION = 5.0;
				TARGETED_DEVICE_FAMILY = "1,2";
				TEST_TARGET_NAME = ProfileService;
			};
			name = Debug;
		};
		F7EB59C325B589BA00E3F9BA /* Release */ = {
			isa = XCBuildConfiguration;
			baseConfigurationReference = 6781B7BC993036D512189056 /* Pods-ProfileService-ProfileServiceUITests.release.xcconfig */;
			buildSettings = {
				ALWAYS_EMBED_SWIFT_STANDARD_LIBRARIES = YES;
				CODE_SIGN_STYLE = Automatic;
				DEVELOPMENT_TEAM = 3S8AVD2TKW;
				INFOPLIST_FILE = ProfileServiceUITests/Info.plist;
				LD_RUNPATH_SEARCH_PATHS = (
					"$(inherited)",
					"@executable_path/Frameworks",
					"@loader_path/Frameworks",
				);
				PRODUCT_BUNDLE_IDENTIFIER = com.bogdanpoh.ProfileServiceUITests;
				PRODUCT_NAME = "$(TARGET_NAME)";
				SWIFT_VERSION = 5.0;
				TARGETED_DEVICE_FAMILY = "1,2";
				TEST_TARGET_NAME = ProfileService;
			};
			name = Release;
		};
/* End XCBuildConfiguration section */

/* Begin XCConfigurationList section */
		F7EB598925B589B800E3F9BA /* Build configuration list for PBXProject "ProfileService" */ = {
			isa = XCConfigurationList;
			buildConfigurations = (
				F7EB59B925B589BA00E3F9BA /* Debug */,
				F7EB59BA25B589BA00E3F9BA /* Release */,
			);
			defaultConfigurationIsVisible = 0;
			defaultConfigurationName = Release;
		};
		F7EB59BB25B589BA00E3F9BA /* Build configuration list for PBXNativeTarget "ProfileService" */ = {
			isa = XCConfigurationList;
			buildConfigurations = (
				F7EB59BC25B589BA00E3F9BA /* Debug */,
				F7EB59BD25B589BA00E3F9BA /* Release */,
			);
			defaultConfigurationIsVisible = 0;
			defaultConfigurationName = Release;
		};
		F7EB59BE25B589BA00E3F9BA /* Build configuration list for PBXNativeTarget "ProfileServiceTests" */ = {
			isa = XCConfigurationList;
			buildConfigurations = (
				F7EB59BF25B589BA00E3F9BA /* Debug */,
				F7EB59C025B589BA00E3F9BA /* Release */,
			);
			defaultConfigurationIsVisible = 0;
			defaultConfigurationName = Release;
		};
		F7EB59C125B589BA00E3F9BA /* Build configuration list for PBXNativeTarget "ProfileServiceUITests" */ = {
			isa = XCConfigurationList;
			buildConfigurations = (
				F7EB59C225B589BA00E3F9BA /* Debug */,
				F7EB59C325B589BA00E3F9BA /* Release */,
			);
			defaultConfigurationIsVisible = 0;
			defaultConfigurationName = Release;
		};
/* End XCConfigurationList section */

/* Begin XCVersionGroup section */
		F7EB599A25B589B900E3F9BA /* ProfileService.xcdatamodeld */ = {
			isa = XCVersionGroup;
			children = (
				F7EB599B25B589B900E3F9BA /* ProfileService.xcdatamodel */,
			);
			currentVersion = F7EB599B25B589B900E3F9BA /* ProfileService.xcdatamodel */;
			path = ProfileService.xcdatamodeld;
			sourceTree = "<group>";
			versionGroupType = wrapper.xcdatamodel;
		};
/* End XCVersionGroup section */
	};
	rootObject = F7EB598625B589B800E3F9BA /* Project object */;
}
